
Microsoft Visual Studio Solution File, Format Version 12.00
# Visual Studio Version 17
VisualStudioVersion = 17.14.36603.0
MinimumVisualStudioVersion = 10.0.40219.1
Project("{FAE04EC0-301F-11D3-BF4B-00C04F79EFBC}") = "Project_C", "Project_C.csproj", "{E554097B-0778-475A-8615-FC219071A5E2}"
EndProject
Project("{FAE04EC0-301F-11D3-BF4B-00C04F79EFBC}") = "Project_tests", "..\Project_tests\Project_tests.csproj", "{958C00C1-78AF-43D1-A911-7799690F858B}"
EndProject
Global
	GlobalSection(SolutionConfigurationPlatforms) = preSolution
		Debug|Any CPU = Debug|Any CPU
		Release|Any CPU = Release|Any CPU
	EndGlobalSection
	GlobalSection(ProjectConfigurationPlatforms) = postSolution
		{E554097B-0778-475A-8615-FC219071A5E2}.Debug|Any CPU.ActiveCfg = Debug|Any CPU
		{E554097B-0778-475A-8615-FC219071A5E2}.Debug|Any CPU.Build.0 = Debug|Any CPU
		{E554097B-0778-475A-8615-FC219071A5E2}.Release|Any CPU.ActiveCfg = Release|Any CPU
		{E554097B-0778-475A-8615-FC219071A5E2}.Release|Any CPU.Build.0 = Release|Any CPU
		{958C00C1-78AF-43D1-A911-7799690F858B}.Debug|Any CPU.ActiveCfg = Debug|Any CPU
		{958C00C1-78AF-43D1-A911-7799690F858B}.Debug|Any CPU.Build.0 = Debug|Any CPU
		{958C00C1-78AF-43D1-A911-7799690F858B}.Release|Any CPU.ActiveCfg = Release|Any CPU
		{958C00C1-78AF-43D1-A911-7799690F858B}.Release|Any CPU.Build.0 = Release|Any CPU
	EndGlobalSection
	GlobalSection(SolutionProperties) = preSolution
		HideSolutionNode = FALSE
	EndGlobalSection
	GlobalSection(ExtensibilityGlobals) = postSolution
		SolutionGuid = {0EF44490-6D00-4F80-A2A5-886539A2ECCD}
	EndGlobalSection
EndGlobal
